
Microsoft Visual Studio Solution File, Format Version 12.00
# Visual Studio 15
VisualStudioVersion = 15.0.28307.1684
MinimumVisualStudioVersion = 10.0.40219.1
Project("{FAE04EC0-301F-11D3-BF4B-00C04F79EFBC}") = "ReadAndWriteExcelApp", "ReadAndWriteExcelApp\ReadAndWriteExcelApp.csproj", "{AAB83CBB-7995-405D-B5C8-1506D733E60D}"
EndProject
Global
	GlobalSection(SolutionConfigurationPlatforms) = preSolution
		Debug|Any CPU = Debug|Any CPU
		Release|Any CPU = Release|Any CPU
	EndGlobalSection
	GlobalSection(ProjectConfigurationPlatforms) = postSolution
		{AAB83CBB-7995-405D-B5C8-1506D733E60D}.Debug|Any CPU.ActiveCfg = Debug|Any CPU
		{AAB83CBB-7995-405D-B5C8-1506D733E60D}.Debug|Any CPU.Build.0 = Debug|Any CPU
		{AAB83CBB-7995-405D-B5C8-1506D733E60D}.Release|Any CPU.ActiveCfg = Release|Any CPU
		{AAB83CBB-7995-405D-B5C8-1506D733E60D}.Release|Any CPU.Build.0 = Release|Any CPU
	EndGlobalSection
	GlobalSection(SolutionProperties) = preSolution
		HideSolutionNode = FALSE
	EndGlobalSection
	GlobalSection(ExtensibilityGlobals) = postSolution
		SolutionGuid = {683E6CA8-52E7-4049-A708-19CC6B3E1916}
	EndGlobalSection
EndGlobal
